
Microsoft Visual Studio Solution File, Format Version 12.00
# Visual Studio 15
VisualStudioVersion = 15.0.27428.2037
MinimumVisualStudioVersion = 10.0.40219.1
Project("{9A19103F-16F7-4668-BE54-9A1E7A4F7556}") = "KarafkaConsumer_POC", "KarafkaConsumer_POC\KarafkaConsumer_POC.csproj", "{2B5E222E-F26D-4E71-91CB-B73D05717FA8}"
EndProject
Project("{9A19103F-16F7-4668-BE54-9A1E7A4F7556}") = "KarafkaProducer_POC", "KarafkaProducer_POC\KarafkaProducer_POC.csproj", "{7C696DB9-0EB0-4980-9305-DD19B68F4F9F}"
EndProject
Project("{9A19103F-16F7-4668-BE54-9A1E7A4F7556}") = "MemberProducerSync", "MemberProducerSync\MemberProducerSync.csproj", "{1044E67A-A6AD-484B-9A6B-F82A6FE5AE1C}"
EndProject
Global
	GlobalSection(SolutionConfigurationPlatforms) = preSolution
		Debug|Any CPU = Debug|Any CPU
		Release|Any CPU = Release|Any CPU
	EndGlobalSection
	GlobalSection(ProjectConfigurationPlatforms) = postSolution
		{2B5E222E-F26D-4E71-91CB-B73D05717FA8}.Debug|Any CPU.ActiveCfg = Debug|Any CPU
		{2B5E222E-F26D-4E71-91CB-B73D05717FA8}.Debug|Any CPU.Build.0 = Debug|Any CPU
		{2B5E222E-F26D-4E71-91CB-B73D05717FA8}.Release|Any CPU.ActiveCfg = Release|Any CPU
		{2B5E222E-F26D-4E71-91CB-B73D05717FA8}.Release|Any CPU.Build.0 = Release|Any CPU
		{7C696DB9-0EB0-4980-9305-DD19B68F4F9F}.Debug|Any CPU.ActiveCfg = Debug|Any CPU
		{7C696DB9-0EB0-4980-9305-DD19B68F4F9F}.Debug|Any CPU.Build.0 = Debug|Any CPU
		{7C696DB9-0EB0-4980-9305-DD19B68F4F9F}.Release|Any CPU.ActiveCfg = Release|Any CPU
		{7C696DB9-0EB0-4980-9305-DD19B68F4F9F}.Release|Any CPU.Build.0 = Release|Any CPU
		{1044E67A-A6AD-484B-9A6B-F82A6FE5AE1C}.Debug|Any CPU.ActiveCfg = Debug|Any CPU
		{1044E67A-A6AD-484B-9A6B-F82A6FE5AE1C}.Debug|Any CPU.Build.0 = Debug|Any CPU
		{1044E67A-A6AD-484B-9A6B-F82A6FE5AE1C}.Release|Any CPU.ActiveCfg = Release|Any CPU
		{1044E67A-A6AD-484B-9A6B-F82A6FE5AE1C}.Release|Any CPU.Build.0 = Release|Any CPU
	EndGlobalSection
	GlobalSection(SolutionProperties) = preSolution
		HideSolutionNode = FALSE
	EndGlobalSection
	GlobalSection(ExtensibilityGlobals) = postSolution
		SolutionGuid = {E794F2C1-B2AF-4493-B4B2-BABF2B181382}
	EndGlobalSection
EndGlobal
